
Microsoft Visual Studio Solution File, Format Version 12.00
# Visual Studio 2017
Project("{FAE04EC0-301F-11D3-BF4B-00C04F79EFBC}") = "PolarisKnights_Work", "PolarisKnights_Work.csproj", "{4F6CD3E4-705A-BD9C-9D15-82F4BAC27633}"
EndProject
Global
	GlobalSection(SolutionConfigurationPlatforms) = preSolution
		Debug|Any CPU = Debug|Any CPU
		Release|Any CPU = Release|Any CPU
	EndGlobalSection
	GlobalSection(ProjectConfigurationPlatforms) = postSolution
		{4F6CD3E4-705A-BD9C-9D15-82F4BAC27633}.Debug|Any CPU.ActiveCfg = Debug|Any CPU
		{4F6CD3E4-705A-BD9C-9D15-82F4BAC27633}.Debug|Any CPU.Build.0 = Debug|Any CPU
		{4F6CD3E4-705A-BD9C-9D15-82F4BAC27633}.Release|Any CPU.ActiveCfg = Release|Any CPU
		{4F6CD3E4-705A-BD9C-9D15-82F4BAC27633}.Release|Any CPU.Build.0 = Release|Any CPU
	EndGlobalSection
	GlobalSection(SolutionProperties) = preSolution
		HideSolutionNode = FALSE
	EndGlobalSection
EndGlobal
