
Microsoft Visual Studio Solution File, Format Version 12.00
# Visual Studio 2017
Project("{FAE04EC0-301F-11D3-BF4B-00C04F79EFBC}") = "DungeonCreationDay1", "DungeonCreationDay1.csproj", "{597C14A4-43F8-CA38-CB6D-46177F1E9BC9}"
EndProject
Global
	GlobalSection(SolutionConfigurationPlatforms) = preSolution
		Debug|Any CPU = Debug|Any CPU
		Release|Any CPU = Release|Any CPU
	EndGlobalSection
	GlobalSection(ProjectConfigurationPlatforms) = postSolution
		{597C14A4-43F8-CA38-CB6D-46177F1E9BC9}.Debug|Any CPU.ActiveCfg = Debug|Any CPU
		{597C14A4-43F8-CA38-CB6D-46177F1E9BC9}.Debug|Any CPU.Build.0 = Debug|Any CPU
		{597C14A4-43F8-CA38-CB6D-46177F1E9BC9}.Release|Any CPU.ActiveCfg = Release|Any CPU
		{597C14A4-43F8-CA38-CB6D-46177F1E9BC9}.Release|Any CPU.Build.0 = Release|Any CPU
	EndGlobalSection
	GlobalSection(SolutionProperties) = preSolution
		HideSolutionNode = FALSE
	EndGlobalSection
EndGlobal
