
Microsoft Visual Studio Solution File, Format Version 12.00
# Visual Studio 2017
Project("{FAE04EC0-301F-11D3-BF4B-00C04F79EFBC}") = "MazeGenStart", "MazeGenStart.csproj", "{6488090F-5645-E8CB-B0E5-71BEDF274505}"
EndProject
Global
	GlobalSection(SolutionConfigurationPlatforms) = preSolution
		Debug|Any CPU = Debug|Any CPU
		Release|Any CPU = Release|Any CPU
	EndGlobalSection
	GlobalSection(ProjectConfigurationPlatforms) = postSolution
		{6488090F-5645-E8CB-B0E5-71BEDF274505}.Debug|Any CPU.ActiveCfg = Debug|Any CPU
		{6488090F-5645-E8CB-B0E5-71BEDF274505}.Debug|Any CPU.Build.0 = Debug|Any CPU
		{6488090F-5645-E8CB-B0E5-71BEDF274505}.Release|Any CPU.ActiveCfg = Release|Any CPU
		{6488090F-5645-E8CB-B0E5-71BEDF274505}.Release|Any CPU.Build.0 = Release|Any CPU
	EndGlobalSection
	GlobalSection(SolutionProperties) = preSolution
		HideSolutionNode = FALSE
	EndGlobalSection
EndGlobal
