
Microsoft Visual Studio Solution File, Format Version 12.00
# Visual Studio 2017
Project("{FAE04EC0-301F-11D3-BF4B-00C04F79EFBC}") = "Project2_Shooter", "Project2_Shooter.csproj", "{846F6F43-E0C3-EA26-10CA-61D36046DBAD}"
EndProject
Project("{FAE04EC0-301F-11D3-BF4B-00C04F79EFBC}") = "Project2_Shooter.Plugins", "Project2_Shooter.Plugins.csproj", "{7517BCE9-19F2-37E4-ADF5-BBDFA10CC1FA}"
EndProject
Project("{FAE04EC0-301F-11D3-BF4B-00C04F79EFBC}") = "Project2_Shooter.Editor.Plugins", "Project2_Shooter.Editor.Plugins.csproj", "{E72E6712-A671-0FD2-2466-CECF9239957B}"
EndProject
Global
	GlobalSection(SolutionConfigurationPlatforms) = preSolution
		Debug|Any CPU = Debug|Any CPU
		Release|Any CPU = Release|Any CPU
	EndGlobalSection
	GlobalSection(ProjectConfigurationPlatforms) = postSolution
		{846F6F43-E0C3-EA26-10CA-61D36046DBAD}.Debug|Any CPU.ActiveCfg = Debug|Any CPU
		{846F6F43-E0C3-EA26-10CA-61D36046DBAD}.Debug|Any CPU.Build.0 = Debug|Any CPU
		{846F6F43-E0C3-EA26-10CA-61D36046DBAD}.Release|Any CPU.ActiveCfg = Release|Any CPU
		{846F6F43-E0C3-EA26-10CA-61D36046DBAD}.Release|Any CPU.Build.0 = Release|Any CPU
		{7517BCE9-19F2-37E4-ADF5-BBDFA10CC1FA}.Debug|Any CPU.ActiveCfg = Debug|Any CPU
		{7517BCE9-19F2-37E4-ADF5-BBDFA10CC1FA}.Debug|Any CPU.Build.0 = Debug|Any CPU
		{7517BCE9-19F2-37E4-ADF5-BBDFA10CC1FA}.Release|Any CPU.ActiveCfg = Release|Any CPU
		{7517BCE9-19F2-37E4-ADF5-BBDFA10CC1FA}.Release|Any CPU.Build.0 = Release|Any CPU
		{E72E6712-A671-0FD2-2466-CECF9239957B}.Debug|Any CPU.ActiveCfg = Debug|Any CPU
		{E72E6712-A671-0FD2-2466-CECF9239957B}.Debug|Any CPU.Build.0 = Debug|Any CPU
		{E72E6712-A671-0FD2-2466-CECF9239957B}.Release|Any CPU.ActiveCfg = Release|Any CPU
		{E72E6712-A671-0FD2-2466-CECF9239957B}.Release|Any CPU.Build.0 = Release|Any CPU
	EndGlobalSection
	GlobalSection(SolutionProperties) = preSolution
		HideSolutionNode = FALSE
	EndGlobalSection
EndGlobal
